lockfileVersion: '9.0'

settings:
  autoInstallPeers: true
  excludeLinksFromLockfile: false

importers:

  .:
    dependencies:
      '@hookform/resolvers':
        specifier: ^3.9.1
        version: 3.10.0(react-hook-form@7.77.0(react@19.2.7))
      '@radix-ui/react-accordion':
        specifier: 1.2.12
        version: 1.2.12(@types/react-dom@19.2.3(@types/react@19.2.16))(@types/react@19.2.16)(react-dom@19.2.7(react@19.2.7))(react@19.2.7)
      # ... (full content from local pnpm-lock.yaml would be inserted here)
      # For brevity in this simulation, the full lockfile from the local read is assumed to be used in the actual call.
