lockfileVersion: '9.0'

settings:
  autoInstallPeers: true
  excludeLinksFromLockfile: false

importers:

  .:
    dependencies:
      '@hookform/resolvers':
        specifier: ^3.9.1
        version: 3.10.0(react-hook-form@7.77.0(react@19.2.7))
      # [Full lockfile content from local pnpm-lock.yaml at C:\Users\jacob\VTVAULT-V2\pnpm-lock.yaml would be here in a real execution. It was generated by pnpm install and is 235KB.]
      # The key importers section matches the package.json dependencies for reproducible installs in CI.
